
Microsoft Visual Studio Solution File, Format Version 12.00
# Visual Studio Version 16
VisualStudioVersion = 16.0.30330.147
MinimumVisualStudioVersion = 10.0.40219.1
Project("{FAE04EC0-301F-11D3-BF4B-00C04F79EFBC}") = "DDMB", "DDMB\DDMB.csproj", "{6A846715-F7C5-4B62-889B-E494B51F3404}"
EndProject
Global
	GlobalSection(SolutionConfigurationPlatforms) = preSolution
		Debug|Any CPU = Debug|Any CPU
		Release|Any CPU = Release|Any CPU
	EndGlobalSection
	GlobalSection(ProjectConfigurationPlatforms) = postSolution
		{6A846715-F7C5-4B62-889B-E494B51F3404}.Debug|Any CPU.ActiveCfg = Debug|Any CPU
		{6A846715-F7C5-4B62-889B-E494B51F3404}.Debug|Any CPU.Build.0 = Debug|Any CPU
		{6A846715-F7C5-4B62-889B-E494B51F3404}.Release|Any CPU.ActiveCfg = Release|Any CPU
		{6A846715-F7C5-4B62-889B-E494B51F3404}.Release|Any CPU.Build.0 = Release|Any CPU
	EndGlobalSection
	GlobalSection(SolutionProperties) = preSolution
		HideSolutionNode = FALSE
	EndGlobalSection
	GlobalSection(ExtensibilityGlobals) = postSolution
		SolutionGuid = {3058E0F6-E4FA-443D-B15D-D7A8448569DB}
	EndGlobalSection
EndGlobal
